
Microsoft Visual Studio Solution File, Format Version 12.00
# Visual Studio Version 17
VisualStudioVersion = 17.5.33424.131
MinimumVisualStudioVersion = 10.0.40219.1
Project("{FAE04EC0-301F-11D3-BF4B-00C04F79EFBC}") = "Atividade recursividade H1", "Atividade recursividade H1\Atividade recursividade H1.csproj", "{01F0E657-9B5C-4C19-ABAD-0B9B221FFDF8}"
EndProject
Global
	GlobalSection(SolutionConfigurationPlatforms) = preSolution
		Debug|Any CPU = Debug|Any CPU
		Release|Any CPU = Release|Any CPU
	EndGlobalSection
	GlobalSection(ProjectConfigurationPlatforms) = postSolution
		{01F0E657-9B5C-4C19-ABAD-0B9B221FFDF8}.Debug|Any CPU.ActiveCfg = Debug|Any CPU
		{01F0E657-9B5C-4C19-ABAD-0B9B221FFDF8}.Debug|Any CPU.Build.0 = Debug|Any CPU
		{01F0E657-9B5C-4C19-ABAD-0B9B221FFDF8}.Release|Any CPU.ActiveCfg = Release|Any CPU
		{01F0E657-9B5C-4C19-ABAD-0B9B221FFDF8}.Release|Any CPU.Build.0 = Release|Any CPU
	EndGlobalSection
	GlobalSection(SolutionProperties) = preSolution
		HideSolutionNode = FALSE
	EndGlobalSection
	GlobalSection(ExtensibilityGlobals) = postSolution
		SolutionGuid = {7815808E-9E0D-41D6-8970-C7DEC07C2D57}
	EndGlobalSection
EndGlobal
